// !$*UTF8*$!
{
	archiveVersion = 1;
	classes = {
	};
	objectVersion = 46;
	objects = {

/* Begin PBXBuildFile section */
		CD3168D41D5604FF009935F3 /* HeroicLabs.framework in Frameworks */ = {isa = PBXBuildFile; fileRef = CD3168C91D5604FF009935F3 /* HeroicLabs.framework */; };
		CD31691A1D5606ED009935F3 /* HeroicLabs-Prefix.pch in Headers */ = {isa = PBXBuildFile; fileRef = CD3168E81D5606ED009935F3 /* HeroicLabs-Prefix.pch */; settings = {ATTRIBUTES = (Public, ); }; };
		CD31691B1D5606ED009935F3 /* HLAchievement.h in Headers */ = {isa = PBXBuildFile; fileRef = CD3168E91D5606ED009935F3 /* HLAchievement.h */; settings = {ATTRIBUTES = (Public, ); }; };
		CD31691C1D5606ED009935F3 /* HLAchievement.m in Sources */ = {isa = PBXBuildFile; fileRef = CD3168EA1D5606ED009935F3 /* HLAchievement.m */; };
		CD31691D1D5606ED009935F3 /* HLClient.h in Headers */ = {isa = PBXBuildFile; fileRef = CD3168EB1D5606ED009935F3 /* HLClient.h */; settings = {ATTRIBUTES = (Public, ); }; };
		CD31691E1D5606ED009935F3 /* HLClient.m in Sources */ = {isa = PBXBuildFile; fileRef = CD3168EC1D5606ED009935F3 /* HLClient.m */; };
		CD31691F1D5606ED009935F3 /* HLDatastoreObject.h in Headers */ = {isa = PBXBuildFile; fileRef = CD3168ED1D5606ED009935F3 /* HLDatastoreObject.h */; settings = {ATTRIBUTES = (Public, ); }; };
		CD3169201D5606ED009935F3 /* HLDatastoreObject.m in Sources */ = {isa = PBXBuildFile; fileRef = CD3168EE1D5606ED009935F3 /* HLDatastoreObject.m */; };
		CD3169211D5606ED009935F3 /* HLDefaultRequestRetryHandler.h in Headers */ = {isa = PBXBuildFile; fileRef = CD3168EF1D5606ED009935F3 /* HLDefaultRequestRetryHandler.h */; settings = {ATTRIBUTES = (Public, ); }; };
		CD3169221D5606ED009935F3 /* HLDefaultRequestRetryHandler.m in Sources */ = {isa = PBXBuildFile; fileRef = CD3168F01D5606ED009935F3 /* HLDefaultRequestRetryHandler.m */; };
		CD3169231D5606ED009935F3 /* HLGame.h in Headers */ = {isa = PBXBuildFile; fileRef = CD3168F11D5606ED009935F3 /* HLGame.h */; settings = {ATTRIBUTES = (Public, ); }; };
		CD3169241D5606ED009935F3 /* HLGame.m in Sources */ = {isa = PBXBuildFile; fileRef = CD3168F21D5606ED009935F3 /* HLGame.m */; };
		CD3169251D5606ED009935F3 /* HLGameCenterCredentials.h in Headers */ = {isa = PBXBuildFile; fileRef = CD3168F31D5606ED009935F3 /* HLGameCenterCredentials.h */; settings = {ATTRIBUTES = (Public, ); }; };
		CD3169261D5606ED009935F3 /* HLGameCenterCredentials.m in Sources */ = {isa = PBXBuildFile; fileRef = CD3168F41D5606ED009935F3 /* HLGameCenterCredentials.m */; };
		CD3169271D5606ED009935F3 /* HLGamer.h in Headers */ = {isa = PBXBuildFile; fileRef = CD3168F51D5606ED009935F3 /* HLGamer.h */; settings = {ATTRIBUTES = (Public, ); }; };
		CD3169281D5606ED009935F3 /* HLGamer.m in Sources */ = {isa = PBXBuildFile; fileRef = CD3168F61D5606ED009935F3 /* HLGamer.m */; };
		CD3169291D5606ED009935F3 /* HLgzipRequestSerializer.h in Headers */ = {isa = PBXBuildFile; fileRef = CD3168F71D5606ED009935F3 /* HLgzipRequestSerializer.h */; settings = {ATTRIBUTES = (Public, ); }; };
		CD31692A1D5606ED009935F3 /* HLgzipRequestSerializer.m in Sources */ = {isa = PBXBuildFile; fileRef = CD3168F81D5606ED009935F3 /* HLgzipRequestSerializer.m */; };
		CD31692B1D5606ED009935F3 /* HLHttpClient.h in Headers */ = {isa = PBXBuildFile; fileRef = CD3168F91D5606ED009935F3 /* HLHttpClient.h */; settings = {ATTRIBUTES = (Public, ); }; };
		CD31692C1D5606ED009935F3 /* HLHttpClient.m in Sources */ = {isa = PBXBuildFile; fileRef = CD3168FA1D5606ED009935F3 /* HLHttpClient.m */; };
		CD31692D1D5606ED009935F3 /* HLJSONSerialisableProtocol.h in Headers */ = {isa = PBXBuildFile; fileRef = CD3168FB1D5606ED009935F3 /* HLJSONSerialisableProtocol.h */; settings = {ATTRIBUTES = (Public, ); }; };
		CD31692E1D5606ED009935F3 /* HLLeaderboard.h in Headers */ = {isa = PBXBuildFile; fileRef = CD3168FC1D5606ED009935F3 /* HLLeaderboard.h */; settings = {ATTRIBUTES = (Public, ); }; };
		CD31692F1D5606ED009935F3 /* HLLeaderboard.m in Sources */ = {isa = PBXBuildFile; fileRef = CD3168FD1D5606ED009935F3 /* HLLeaderboard.m */; };
		CD3169301D5606ED009935F3 /* HLLeaderboardRank.h in Headers */ = {isa = PBXBuildFile; fileRef = CD3168FE1D5606ED009935F3 /* HLLeaderboardRank.h */; settings = {ATTRIBUTES = (Public, ); }; };
		CD3169311D5606ED009935F3 /* HLLeaderboardRank.m in Sources */ = {isa = PBXBuildFile; fileRef = CD3168FF1D5606ED009935F3 /* HLLeaderboardRank.m */; };
		CD3169321D5606ED009935F3 /* HLMatch.h in Headers */ = {isa = PBXBuildFile; fileRef = CD3169001D5606ED009935F3 /* HLMatch.h */; settings = {ATTRIBUTES = (Public, ); }; };
		CD3169331D5606ED009935F3 /* HLMatch.m in Sources */ = {isa = PBXBuildFile; fileRef = CD3169011D5606ED009935F3 /* HLMatch.m */; };
		CD3169341D5606ED009935F3 /* HLMatchChange.h in Headers */ = {isa = PBXBuildFile; fileRef = CD3169021D5606ED009935F3 /* HLMatchChange.h */; settings = {ATTRIBUTES = (Public, ); }; };
		CD3169351D5606ED009935F3 /* HLMatchChange.m in Sources */ = {isa = PBXBuildFile; fileRef = CD3169031D5606ED009935F3 /* HLMatchChange.m */; };
		CD3169361D5606ED009935F3 /* HLMatchTurn.h in Headers */ = {isa = PBXBuildFile; fileRef = CD3169041D5606ED009935F3 /* HLMatchTurn.h */; settings = {ATTRIBUTES = (Public, ); }; };
		CD3169371D5606ED009935F3 /* HLMatchTurn.m in Sources */ = {isa = PBXBuildFile; fileRef = CD3169051D5606ED009935F3 /* HLMatchTurn.m */; };
		CD3169381D5606ED009935F3 /* HLMessage.h in Headers */ = {isa = PBXBuildFile; fileRef = CD3169061D5606ED009935F3 /* HLMessage.h */; settings = {ATTRIBUTES = (Public, ); }; };
		CD3169391D5606ED009935F3 /* HLMessage.m in Sources */ = {isa = PBXBuildFile; fileRef = CD3169071D5606ED009935F3 /* HLMessage.m */; };
		CD31693A1D5606ED009935F3 /* HLNoRequestRetryHandler.h in Headers */ = {isa = PBXBuildFile; fileRef = CD3169081D5606ED009935F3 /* HLNoRequestRetryHandler.h */; settings = {ATTRIBUTES = (Public, ); }; };
		CD31693B1D5606ED009935F3 /* HLNoRequestRetryHandler.m in Sources */ = {isa = PBXBuildFile; fileRef = CD3169091D5606ED009935F3 /* HLNoRequestRetryHandler.m */; };
		CD31693C1D5606ED009935F3 /* HLPing.h in Headers */ = {isa = PBXBuildFile; fileRef = CD31690A1D5606ED009935F3 /* HLPing.h */; settings = {ATTRIBUTES = (Public, ); }; };
		CD31693D1D5606ED009935F3 /* HLPing.m in Sources */ = {isa = PBXBuildFile; fileRef = CD31690B1D5606ED009935F3 /* HLPing.m */; };
		CD31693E1D5606ED009935F3 /* HLPurchaseVerification.h in Headers */ = {isa = PBXBuildFile; fileRef = CD31690C1D5606ED009935F3 /* HLPurchaseVerification.h */; settings = {ATTRIBUTES = (Public, ); }; };
		CD31693F1D5606ED009935F3 /* HLPurchaseVerification.m in Sources */ = {isa = PBXBuildFile; fileRef = CD31690D1D5606ED009935F3 /* HLPurchaseVerification.m */; };
		CD3169401D5606ED009935F3 /* HLRequestRetryHandlerProtocol.h in Headers */ = {isa = PBXBuildFile; fileRef = CD31690E1D5606ED009935F3 /* HLRequestRetryHandlerProtocol.h */; settings = {ATTRIBUTES = (Public, ); }; };
		CD3169411D5606ED009935F3 /* HLServer.h in Headers */ = {isa = PBXBuildFile; fileRef = CD31690F1D5606ED009935F3 /* HLServer.h */; settings = {ATTRIBUTES = (Public, ); }; };
		CD3169421D5606ED009935F3 /* HLServer.m in Sources */ = {isa = PBXBuildFile; fileRef = CD3169101D5606ED009935F3 /* HLServer.m */; };
		CD3169431D5606ED009935F3 /* HLSessionClient.h in Headers */ = {isa = PBXBuildFile; fileRef = CD3169111D5606ED009935F3 /* HLSessionClient.h */; settings = {ATTRIBUTES = (Public, ); }; };
		CD3169441D5606ED009935F3 /* HLSessionClient.m in Sources */ = {isa = PBXBuildFile; fileRef = CD3169121D5606ED009935F3 /* HLSessionClient.m */; };
		CD3169451D5606ED009935F3 /* HLSharedStorageSearchResults.h in Headers */ = {isa = PBXBuildFile; fileRef = CD3169131D5606ED009935F3 /* HLSharedStorageSearchResults.h */; settings = {ATTRIBUTES = (Public, ); }; };
		CD3169461D5606ED009935F3 /* HLSharedStorageSearchResults.m in Sources */ = {isa = PBXBuildFile; fileRef = CD3169141D5606ED009935F3 /* HLSharedStorageSearchResults.m */; };
		CD3169481D5606ED009935F3 /* NSData+GZIP.h in Headers */ = {isa = PBXBuildFile; fileRef = CD3169161D5606ED009935F3 /* NSData+GZIP.h */; settings = {ATTRIBUTES = (Public, ); }; };
		CD3169491D5606ED009935F3 /* NSData+GZIP.m in Sources */ = {isa = PBXBuildFile; fileRef = CD3169171D5606ED009935F3 /* NSData+GZIP.m */; };
		CD31694A1D5606ED009935F3 /* NSURLRequest+HLURLRequest.h in Headers */ = {isa = PBXBuildFile; fileRef = CD3169181D5606ED009935F3 /* NSURLRequest+HLURLRequest.h */; settings = {ATTRIBUTES = (Public, ); }; };
		CD31694B1D5606ED009935F3 /* NSURLRequest+HLURLRequest.m in Sources */ = {isa = PBXBuildFile; fileRef = CD3169191D5606ED009935F3 /* NSURLRequest+HLURLRequest.m */; };
		CD31694F1D560B1F009935F3 /* AFNetworking.framework in Frameworks */ = {isa = PBXBuildFile; fileRef = CD31694D1D560B1F009935F3 /* AFNetworking.framework */; };
		CD3169501D560B1F009935F3 /* PromiseKit.framework in Frameworks */ = {isa = PBXBuildFile; fileRef = CD31694E1D560B1F009935F3 /* PromiseKit.framework */; };
		CD3169511D560B24009935F3 /* AFNetworking.framework in Frameworks */ = {isa = PBXBuildFile; fileRef = CD31694D1D560B1F009935F3 /* AFNetworking.framework */; };
		CD3169521D560B24009935F3 /* PromiseKit.framework in Frameworks */ = {isa = PBXBuildFile; fileRef = CD31694E1D560B1F009935F3 /* PromiseKit.framework */; };
		CD3169541D560B24009935F3 /* Expecta.framework in Frameworks */ = {isa = PBXBuildFile; fileRef = CD3169531D560B24009935F3 /* Expecta.framework */; };
		CD31695F1D560F2B009935F3 /* HLClientTest.m in Sources */ = {isa = PBXBuildFile; fileRef = CD3169571D560F2B009935F3 /* HLClientTest.m */; };
		CD3169601D560F2B009935F3 /* HLMultiplayerSampleTest.m in Sources */ = {isa = PBXBuildFile; fileRef = CD3169581D560F2B009935F3 /* HLMultiplayerSampleTest.m */; };
		CD3169611D560F2B009935F3 /* HLPushNotificationTest.m in Sources */ = {isa = PBXBuildFile; fileRef = CD3169591D560F2B009935F3 /* HLPushNotificationTest.m */; };
		CD3169621D560F2B009935F3 /* HLSessionClientTest.m in Sources */ = {isa = PBXBuildFile; fileRef = CD31695A1D560F2B009935F3 /* HLSessionClientTest.m */; };
		CD3169641D560F2B009935F3 /* iosmailboxtest.js in Resources */ = {isa = PBXBuildFile; fileRef = CD31695C1D560F2B009935F3 /* iosmailboxtest.js */; };
		CD3169651D560F2B009935F3 /* iosunittest.js in Resources */ = {isa = PBXBuildFile; fileRef = CD31695D1D560F2B009935F3 /* iosunittest.js */; };
		CD3169661D560F2B009935F3 /* local-config.plist in Resources */ = {isa = PBXBuildFile; fileRef = CD31695E1D560F2B009935F3 /* local-config.plist */; };
/* End PBXBuildFile section */

/* Begin PBXContainerItemProxy section */
		CD3168D51D5604FF009935F3 /* PBXContainerItemProxy */ = {
			isa = PBXContainerItemProxy;
			containerPortal = CD3168C01D5604FF009935F3 /* Project object */;
			proxyType = 1;
			remoteGlobalIDString = CD3168C81D5604FF009935F3;
			remoteInfo = "heroiclabs-sdk-ios";
		};
/* End PBXContainerItemProxy section */

/* Begin PBXFileReference section */
		CD3168C91D5604FF009935F3 /* HeroicLabs.framework */ = {isa = PBXFileReference; explicitFileType = wrapper.framework; includeInIndex = 0; path = HeroicLabs.framework; sourceTree = BUILT_PRODUCTS_DIR; };
		CD3168D31D5604FF009935F3 /* HeroicLabsTests.xctest */ = {isa = PBXFileReference; explicitFileType = wrapper.cfbundle; includeInIndex = 0; path = HeroicLabsTests.xctest; sourceTree = BUILT_PRODUCTS_DIR; };
		CD3168E81D5606ED009935F3 /* HeroicLabs-Prefix.pch */ = {isa = PBXFileReference; fileEncoding = 4; lastKnownFileType = sourcecode.c.h; path = "HeroicLabs-Prefix.pch"; sourceTree = "<group>"; };
		CD3168E91D5606ED009935F3 /* HLAchievement.h */ = {isa = PBXFileReference; fileEncoding = 4; lastKnownFileType = sourcecode.c.h; path = HLAchievement.h; sourceTree = "<group>"; };
		CD3168EA1D5606ED009935F3 /* HLAchievement.m */ = {isa = PBXFileReference; fileEncoding = 4; lastKnownFileType = sourcecode.c.objc; path = HLAchievement.m; sourceTree = "<group>"; };
		CD3168EB1D5606ED009935F3 /* HLClient.h */ = {isa = PBXFileReference; fileEncoding = 4; lastKnownFileType = sourcecode.c.h; path = HLClient.h; sourceTree = "<group>"; };
		CD3168EC1D5606ED009935F3 /* HLClient.m */ = {isa = PBXFileReference; fileEncoding = 4; lastKnownFileType = sourcecode.c.objc; path = HLClient.m; sourceTree = "<group>"; };
		CD3168ED1D5606ED009935F3 /* HLDatastoreObject.h */ = {isa = PBXFileReference; fileEncoding = 4; lastKnownFileType = sourcecode.c.h; path = HLDatastoreObject.h; sourceTree = "<group>"; };
		CD3168EE1D5606ED009935F3 /* HLDatastoreObject.m */ = {isa = PBXFileReference; fileEncoding = 4; lastKnownFileType = sourcecode.c.objc; path = HLDatastoreObject.m; sourceTree = "<group>"; };
		CD3168EF1D5606ED009935F3 /* HLDefaultRequestRetryHandler.h */ = {isa = PBXFileReference; fileEncoding = 4; lastKnownFileType = sourcecode.c.h; path = HLDefaultRequestRetryHandler.h; sourceTree = "<group>"; };
		CD3168F01D5606ED009935F3 /* HLDefaultRequestRetryHandler.m */ = {isa = PBXFileReference; fileEncoding = 4; lastKnownFileType = sourcecode.c.objc; path = HLDefaultRequestRetryHandler.m; sourceTree = "<group>"; };
		CD3168F11D5606ED009935F3 /* HLGame.h */ = {isa = PBXFileReference; fileEncoding = 4; lastKnownFileType = sourcecode.c.h; path = HLGame.h; sourceTree = "<group>"; };
		CD3168F21D5606ED009935F3 /* HLGame.m */ = {isa = PBXFileReference; fileEncoding = 4; lastKnownFileType = sourcecode.c.objc; path = HLGame.m; sourceTree = "<group>"; };
		CD3168F31D5606ED009935F3 /* HLGameCenterCredentials.h */ = {isa = PBXFileReference; fileEncoding = 4; lastKnownFileType = sourcecode.c.h; path = HLGameCenterCredentials.h; sourceTree = "<group>"; };
		CD3168F41D5606ED009935F3 /* HLGameCenterCredentials.m */ = {isa = PBXFileReference; fileEncoding = 4; lastKnownFileType = sourcecode.c.objc; path = HLGameCenterCredentials.m; sourceTree = "<group>"; };
		CD3168F51D5606ED009935F3 /* HLGamer.h */ = {isa = PBXFileReference; fileEncoding = 4; lastKnownFileType = sourcecode.c.h; path = HLGamer.h; sourceTree = "<group>"; };
		CD3168F61D5606ED009935F3 /* HLGamer.m */ = {isa = PBXFileReference; fileEncoding = 4; lastKnownFileType = sourcecode.c.objc; path = HLGamer.m; sourceTree = "<group>"; };
		CD3168F71D5606ED009935F3 /* HLgzipRequestSerializer.h */ = {isa = PBXFileReference; fileEncoding = 4; lastKnownFileType = sourcecode.c.h; path = HLgzipRequestSerializer.h; sourceTree = "<group>"; };
		CD3168F81D5606ED009935F3 /* HLgzipRequestSerializer.m */ = {isa = PBXFileReference; fileEncoding = 4; lastKnownFileType = sourcecode.c.objc; path = HLgzipRequestSerializer.m; sourceTree = "<group>"; };
		CD3168F91D5606ED009935F3 /* HLHttpClient.h */ = {isa = PBXFileReference; fileEncoding = 4; lastKnownFileType = sourcecode.c.h; path = HLHttpClient.h; sourceTree = "<group>"; };
		CD3168FA1D5606ED009935F3 /* HLHttpClient.m */ = {isa = PBXFileReference; fileEncoding = 4; lastKnownFileType = sourcecode.c.objc; path = HLHttpClient.m; sourceTree = "<group>"; };
		CD3168FB1D5606ED009935F3 /* HLJSONSerialisableProtocol.h */ = {isa = PBXFileReference; fileEncoding = 4; lastKnownFileType = sourcecode.c.h; path = HLJSONSerialisableProtocol.h; sourceTree = "<group>"; };
		CD3168FC1D5606ED009935F3 /* HLLeaderboard.h */ = {isa = PBXFileReference; fileEncoding = 4; lastKnownFileType = sourcecode.c.h; path = HLLeaderboard.h; sourceTree = "<group>"; };
		CD3168FD1D5606ED009935F3 /* HLLeaderboard.m */ = {isa = PBXFileReference; fileEncoding = 4; lastKnownFileType = sourcecode.c.objc; path = HLLeaderboard.m; sourceTree = "<group>"; };
		CD3168FE1D5606ED009935F3 /* HLLeaderboardRank.h */ = {isa = PBXFileReference; fileEncoding = 4; lastKnownFileType = sourcecode.c.h; path = HLLeaderboardRank.h; sourceTree = "<group>"; };
		CD3168FF1D5606ED009935F3 /* HLLeaderboardRank.m */ = {isa = PBXFileReference; fileEncoding = 4; lastKnownFileType = sourcecode.c.objc; path = HLLeaderboardRank.m; sourceTree = "<group>"; };
		CD3169001D5606ED009935F3 /* HLMatch.h */ = {isa = PBXFileReference; fileEncoding = 4; lastKnownFileType = sourcecode.c.h; path = HLMatch.h; sourceTree = "<group>"; };
		CD3169011D5606ED009935F3 /* HLMatch.m */ = {isa = PBXFileReference; fileEncoding = 4; lastKnownFileType = sourcecode.c.objc; path = HLMatch.m; sourceTree = "<group>"; };
		CD3169021D5606ED009935F3 /* HLMatchChange.h */ = {isa = PBXFileReference; fileEncoding = 4; lastKnownFileType = sourcecode.c.h; path = HLMatchChange.h; sourceTree = "<group>"; };
		CD3169031D5606ED009935F3 /* HLMatchChange.m */ = {isa = PBXFileReference; fileEncoding = 4; lastKnownFileType = sourcecode.c.objc; path = HLMatchChange.m; sourceTree = "<group>"; };
		CD3169041D5606ED009935F3 /* HLMatchTurn.h */ = {isa = PBXFileReference; fileEncoding = 4; lastKnownFileType = sourcecode.c.h; path = HLMatchTurn.h; sourceTree = "<group>"; };
		CD3169051D5606ED009935F3 /* HLMatchTurn.m */ = {isa = PBXFileReference; fileEncoding = 4; lastKnownFileType = sourcecode.c.objc; path = HLMatchTurn.m; sourceTree = "<group>"; };
		CD3169061D5606ED009935F3 /* HLMessage.h */ = {isa = PBXFileReference; fileEncoding = 4; lastKnownFileType = sourcecode.c.h; path = HLMessage.h; sourceTree = "<group>"; };
		CD3169071D5606ED009935F3 /* HLMessage.m */ = {isa = PBXFileReference; fileEncoding = 4; lastKnownFileType = sourcecode.c.objc; path = HLMessage.m; sourceTree = "<group>"; };
		CD3169081D5606ED009935F3 /* HLNoRequestRetryHandler.h */ = {isa = PBXFileReference; fileEncoding = 4; lastKnownFileType = sourcecode.c.h; path = HLNoRequestRetryHandler.h; sourceTree = "<group>"; };
		CD3169091D5606ED009935F3 /* HLNoRequestRetryHandler.m */ = {isa = PBXFileReference; fileEncoding = 4; lastKnownFileType = sourcecode.c.objc; path = HLNoRequestRetryHandler.m; sourceTree = "<group>"; };
		CD31690A1D5606ED009935F3 /* HLPing.h */ = {isa = PBXFileReference; fileEncoding = 4; lastKnownFileType = sourcecode.c.h; path = HLPing.h; sourceTree = "<group>"; };
		CD31690B1D5606ED009935F3 /* HLPing.m */ = {isa = PBXFileReference; fileEncoding = 4; lastKnownFileType = sourcecode.c.objc; path = HLPing.m; sourceTree = "<group>"; };
		CD31690C1D5606ED009935F3 /* HLPurchaseVerification.h */ = {isa = PBXFileReference; fileEncoding = 4; lastKnownFileType = sourcecode.c.h; path = HLPurchaseVerification.h; sourceTree = "<group>"; };
		CD31690D1D5606ED009935F3 /* HLPurchaseVerification.m */ = {isa = PBXFileReference; fileEncoding = 4; lastKnownFileType = sourcecode.c.objc; path = HLPurchaseVerification.m; sourceTree = "<group>"; };
		CD31690E1D5606ED009935F3 /* HLRequestRetryHandlerProtocol.h */ = {isa = PBXFileReference; fileEncoding = 4; lastKnownFileType = sourcecode.c.h; path = HLRequestRetryHandlerProtocol.h; sourceTree = "<group>"; };
		CD31690F1D5606ED009935F3 /* HLServer.h */ = {isa = PBXFileReference; fileEncoding = 4; lastKnownFileType = sourcecode.c.h; path = HLServer.h; sourceTree = "<group>"; };
		CD3169101D5606ED009935F3 /* HLServer.m */ = {isa = PBXFileReference; fileEncoding = 4; lastKnownFileType = sourcecode.c.objc; path = HLServer.m; sourceTree = "<group>"; };
		CD3169111D5606ED009935F3 /* HLSessionClient.h */ = {isa = PBXFileReference; fileEncoding = 4; lastKnownFileType = sourcecode.c.h; path = HLSessionClient.h; sourceTree = "<group>"; };
		CD3169121D5606ED009935F3 /* HLSessionClient.m */ = {isa = PBXFileReference; fileEncoding = 4; lastKnownFileType = sourcecode.c.objc; path = HLSessionClient.m; sourceTree = "<group>"; };
		CD3169131D5606ED009935F3 /* HLSharedStorageSearchResults.h */ = {isa = PBXFileReference; fileEncoding = 4; lastKnownFileType = sourcecode.c.h; path = HLSharedStorageSearchResults.h; sourceTree = "<group>"; };
		CD3169141D5606ED009935F3 /* HLSharedStorageSearchResults.m */ = {isa = PBXFileReference; fileEncoding = 4; lastKnownFileType = sourcecode.c.objc; path = HLSharedStorageSearchResults.m; sourceTree = "<group>"; };
		CD3169151D5606ED009935F3 /* Info.plist */ = {isa = PBXFileReference; fileEncoding = 4; lastKnownFileType = text.plist.xml; path = Info.plist; sourceTree = "<group>"; };
		CD3169161D5606ED009935F3 /* NSData+GZIP.h */ = {isa = PBXFileReference; fileEncoding = 4; lastKnownFileType = sourcecode.c.h; path = "NSData+GZIP.h"; sourceTree = "<group>"; };
		CD3169171D5606ED009935F3 /* NSData+GZIP.m */ = {isa = PBXFileReference; fileEncoding = 4; lastKnownFileType = sourcecode.c.objc; path = "NSData+GZIP.m"; sourceTree = "<group>"; };
		CD3169181D5606ED009935F3 /* NSURLRequest+HLURLRequest.h */ = {isa = PBXFileReference; fileEncoding = 4; lastKnownFileType = sourcecode.c.h; path = "NSURLRequest+HLURLRequest.h"; sourceTree = "<group>"; };
		CD3169191D5606ED009935F3 /* NSURLRequest+HLURLRequest.m */ = {isa = PBXFileReference; fileEncoding = 4; lastKnownFileType = sourcecode.c.objc; path = "NSURLRequest+HLURLRequest.m"; sourceTree = "<group>"; };
		CD31694D1D560B1F009935F3 /* AFNetworking.framework */ = {isa = PBXFileReference; lastKnownFileType = wrapper.framework; name = AFNetworking.framework; path = Carthage/Build/iOS/AFNetworking.framework; sourceTree = "<group>"; };
		CD31694E1D560B1F009935F3 /* PromiseKit.framework */ = {isa = PBXFileReference; lastKnownFileType = wrapper.framework; name = PromiseKit.framework; path = Carthage/Build/iOS/PromiseKit.framework; sourceTree = "<group>"; };
		CD3169531D560B24009935F3 /* Expecta.framework */ = {isa = PBXFileReference; lastKnownFileType = wrapper.framework; name = Expecta.framework; path = Carthage/Build/iOS/Expecta.framework; sourceTree = "<group>"; };
		CD3169551D560C1D009935F3 /* module.modulemap */ = {isa = PBXFileReference; fileEncoding = 4; lastKnownFileType = "sourcecode.module-map"; path = module.modulemap; sourceTree = "<group>"; };
		CD3169571D560F2B009935F3 /* HLClientTest.m */ = {isa = PBXFileReference; fileEncoding = 4; lastKnownFileType = sourcecode.c.objc; path = HLClientTest.m; sourceTree = "<group>"; };
		CD3169581D560F2B009935F3 /* HLMultiplayerSampleTest.m */ = {isa = PBXFileReference; fileEncoding = 4; lastKnownFileType = sourcecode.c.objc; path = HLMultiplayerSampleTest.m; sourceTree = "<group>"; };
		CD3169591D560F2B009935F3 /* HLPushNotificationTest.m */ = {isa = PBXFileReference; fileEncoding = 4; lastKnownFileType = sourcecode.c.objc; path = HLPushNotificationTest.m; sourceTree = "<group>"; };
		CD31695A1D560F2B009935F3 /* HLSessionClientTest.m */ = {isa = PBXFileReference; fileEncoding = 4; lastKnownFileType = sourcecode.c.objc; path = HLSessionClientTest.m; sourceTree = "<group>"; };
		CD31695B1D560F2B009935F3 /* Info.plist */ = {isa = PBXFileReference; fileEncoding = 4; lastKnownFileType = text.plist.xml; path = Info.plist; sourceTree = "<group>"; };
		CD31695C1D560F2B009935F3 /* iosmailboxtest.js */ = {isa = PBXFileReference; fileEncoding = 4; lastKnownFileType = sourcecode.javascript; path = iosmailboxtest.js; sourceTree = "<group>"; };
		CD31695D1D560F2B009935F3 /* iosunittest.js */ = {isa = PBXFileReference; fileEncoding = 4; lastKnownFileType = sourcecode.javascript; path = iosunittest.js; sourceTree = "<group>"; };
		CD31695E1D560F2B009935F3 /* local-config.plist */ = {isa = PBXFileReference; fileEncoding = 4; lastKnownFileType = text.plist.xml; path = "local-config.plist"; sourceTree = "<group>"; };
/* End PBXFileReference section */

/* Begin PBXFrameworksBuildPhase section */
		CD3168C51D5604FF009935F3 /* Frameworks */ = {
			isa = PBXFrameworksBuildPhase;
			buildActionMask = 2147483647;
			files = (
				CD31694F1D560B1F009935F3 /* AFNetworking.framework in Frameworks */,
				CD3169501D560B1F009935F3 /* PromiseKit.framework in Frameworks */,
			);
			runOnlyForDeploymentPostprocessing = 0;
		};
		CD3168D01D5604FF009935F3 /* Frameworks */ = {
			isa = PBXFrameworksBuildPhase;
			buildActionMask = 2147483647;
			files = (
				CD3168D41D5604FF009935F3 /* HeroicLabs.framework in Frameworks */,
				CD3169541D560B24009935F3 /* Expecta.framework in Frameworks */,
				CD3169511D560B24009935F3 /* AFNetworking.framework in Frameworks */,
				CD3169521D560B24009935F3 /* PromiseKit.framework in Frameworks */,
			);
			runOnlyForDeploymentPostprocessing = 0;
		};
/* End PBXFrameworksBuildPhase section */

/* Begin PBXGroup section */
		CD3168BF1D5604FF009935F3 = {
			isa = PBXGroup;
			children = (
				CD3168E71D5606ED009935F3 /* Classes */,
				CD3169561D560F2B009935F3 /* Tests */,
				CD3169531D560B24009935F3 /* Expecta.framework */,
				CD31694D1D560B1F009935F3 /* AFNetworking.framework */,
				CD31694E1D560B1F009935F3 /* PromiseKit.framework */,
				CD3168CA1D5604FF009935F3 /* Products */,
			);
			sourceTree = "<group>";
		};
		CD3168CA1D5604FF009935F3 /* Products */ = {
			isa = PBXGroup;
			children = (
				CD3168C91D5604FF009935F3 /* HeroicLabs.framework */,
				CD3168D31D5604FF009935F3 /* HeroicLabsTests.xctest */,
			);
			name = Products;
			sourceTree = "<group>";
		};
		CD3168E71D5606ED009935F3 /* Classes */ = {
			isa = PBXGroup;
			children = (
				CD3168F91D5606ED009935F3 /* HLHttpClient.h */,
				CD3168FA1D5606ED009935F3 /* HLHttpClient.m */,
				CD3169111D5606ED009935F3 /* HLSessionClient.h */,
				CD3169121D5606ED009935F3 /* HLSessionClient.m */,
				CD3168EB1D5606ED009935F3 /* HLClient.h */,
				CD3168EC1D5606ED009935F3 /* HLClient.m */,
				CD3168E91D5606ED009935F3 /* HLAchievement.h */,
				CD3168EA1D5606ED009935F3 /* HLAchievement.m */,
				CD3168ED1D5606ED009935F3 /* HLDatastoreObject.h */,
				CD3168EE1D5606ED009935F3 /* HLDatastoreObject.m */,
				CD3168EF1D5606ED009935F3 /* HLDefaultRequestRetryHandler.h */,
				CD3168F01D5606ED009935F3 /* HLDefaultRequestRetryHandler.m */,
				CD3168F11D5606ED009935F3 /* HLGame.h */,
				CD3168F21D5606ED009935F3 /* HLGame.m */,
				CD3168F31D5606ED009935F3 /* HLGameCenterCredentials.h */,
				CD3168F41D5606ED009935F3 /* HLGameCenterCredentials.m */,
				CD3168F51D5606ED009935F3 /* HLGamer.h */,
				CD3168F61D5606ED009935F3 /* HLGamer.m */,
				CD3168F71D5606ED009935F3 /* HLgzipRequestSerializer.h */,
				CD3168F81D5606ED009935F3 /* HLgzipRequestSerializer.m */,
				CD3168FB1D5606ED009935F3 /* HLJSONSerialisableProtocol.h */,
				CD3168FC1D5606ED009935F3 /* HLLeaderboard.h */,
				CD3168FD1D5606ED009935F3 /* HLLeaderboard.m */,
				CD3168FE1D5606ED009935F3 /* HLLeaderboardRank.h */,
				CD3168FF1D5606ED009935F3 /* HLLeaderboardRank.m */,
				CD3169001D5606ED009935F3 /* HLMatch.h */,
				CD3169011D5606ED009935F3 /* HLMatch.m */,
				CD3169021D5606ED009935F3 /* HLMatchChange.h */,
				CD3169031D5606ED009935F3 /* HLMatchChange.m */,
				CD3169041D5606ED009935F3 /* HLMatchTurn.h */,
				CD3169051D5606ED009935F3 /* HLMatchTurn.m */,
				CD3169061D5606ED009935F3 /* HLMessage.h */,
				CD3169071D5606ED009935F3 /* HLMessage.m */,
				CD3169081D5606ED009935F3 /* HLNoRequestRetryHandler.h */,
				CD3169091D5606ED009935F3 /* HLNoRequestRetryHandler.m */,
				CD31690A1D5606ED009935F3 /* HLPing.h */,
				CD31690B1D5606ED009935F3 /* HLPing.m */,
				CD31690C1D5606ED009935F3 /* HLPurchaseVerification.h */,
				CD31690D1D5606ED009935F3 /* HLPurchaseVerification.m */,
				CD31690E1D5606ED009935F3 /* HLRequestRetryHandlerProtocol.h */,
				CD31690F1D5606ED009935F3 /* HLServer.h */,
				CD3169101D5606ED009935F3 /* HLServer.m */,
				CD3169131D5606ED009935F3 /* HLSharedStorageSearchResults.h */,
				CD3169141D5606ED009935F3 /* HLSharedStorageSearchResults.m */,
				CD3169161D5606ED009935F3 /* NSData+GZIP.h */,
				CD3169171D5606ED009935F3 /* NSData+GZIP.m */,
				CD3169181D5606ED009935F3 /* NSURLRequest+HLURLRequest.h */,
				CD3169191D5606ED009935F3 /* NSURLRequest+HLURLRequest.m */,
				CD31694C1D56070F009935F3 /* Supporting Files */,
			);
			path = Classes;
			sourceTree = "<group>";
		};
		CD31694C1D56070F009935F3 /* Supporting Files */ = {
			isa = PBXGroup;
			children = (
				CD3169551D560C1D009935F3 /* module.modulemap */,
				CD3169151D5606ED009935F3 /* Info.plist */,
				CD3168E81D5606ED009935F3 /* HeroicLabs-Prefix.pch */,
			);
			name = "Supporting Files";
			sourceTree = "<group>";
		};
		CD3169561D560F2B009935F3 /* Tests */ = {
			isa = PBXGroup;
			children = (
				CD3169571D560F2B009935F3 /* HLClientTest.m */,
				CD3169581D560F2B009935F3 /* HLMultiplayerSampleTest.m */,
				CD3169591D560F2B009935F3 /* HLPushNotificationTest.m */,
				CD31695A1D560F2B009935F3 /* HLSessionClientTest.m */,
				CD3169671D560F9A009935F3 /* Supporting Files */,
			);
			path = Tests;
			sourceTree = "<group>";
		};
		CD3169671D560F9A009935F3 /* Supporting Files */ = {
			isa = PBXGroup;
			children = (
				CD31695B1D560F2B009935F3 /* Info.plist */,
				CD31695C1D560F2B009935F3 /* iosmailboxtest.js */,
				CD31695D1D560F2B009935F3 /* iosunittest.js */,
				CD31695E1D560F2B009935F3 /* local-config.plist */,
			);
			name = "Supporting Files";
			sourceTree = "<group>";
		};
/* End PBXGroup section */

/* Begin PBXHeadersBuildPhase section */
		CD3168C61D5604FF009935F3 /* Headers */ = {
			isa = PBXHeadersBuildPhase;
			buildActionMask = 2147483647;
			files = (
				CD3169291D5606ED009935F3 /* HLgzipRequestSerializer.h in Headers */,
				CD31694A1D5606ED009935F3 /* NSURLRequest+HLURLRequest.h in Headers */,
				CD31692B1D5606ED009935F3 /* HLHttpClient.h in Headers */,
				CD31692E1D5606ED009935F3 /* HLLeaderboard.h in Headers */,
				CD3169341D5606ED009935F3 /* HLMatchChange.h in Headers */,
				CD3169401D5606ED009935F3 /* HLRequestRetryHandlerProtocol.h in Headers */,
				CD3169231D5606ED009935F3 /* HLGame.h in Headers */,
				CD3169431D5606ED009935F3 /* HLSessionClient.h in Headers */,
				CD31691D1D5606ED009935F3 /* HLClient.h in Headers */,
				CD3169411D5606ED009935F3 /* HLServer.h in Headers */,
				CD31691B1D5606ED009935F3 /* HLAchievement.h in Headers */,
				CD3169321D5606ED009935F3 /* HLMatch.h in Headers */,
				CD31693E1D5606ED009935F3 /* HLPurchaseVerification.h in Headers */,
				CD3169481D5606ED009935F3 /* NSData+GZIP.h in Headers */,
				CD3169211D5606ED009935F3 /* HLDefaultRequestRetryHandler.h in Headers */,
				CD3169381D5606ED009935F3 /* HLMessage.h in Headers */,
				CD3169251D5606ED009935F3 /* HLGameCenterCredentials.h in Headers */,
				CD31693A1D5606ED009935F3 /* HLNoRequestRetryHandler.h in Headers */,
				CD31691A1D5606ED009935F3 /* HeroicLabs-Prefix.pch in Headers */,
				CD31692D1D5606ED009935F3 /* HLJSONSerialisableProtocol.h in Headers */,
				CD31693C1D5606ED009935F3 /* HLPing.h in Headers */,
				CD31691F1D5606ED009935F3 /* HLDatastoreObject.h in Headers */,
				CD3169451D5606ED009935F3 /* HLSharedStorageSearchResults.h in Headers */,
				CD3169361D5606ED009935F3 /* HLMatchTurn.h in Headers */,
				CD3169271D5606ED009935F3 /* HLGamer.h in Headers */,
				CD3169301D5606ED009935F3 /* HLLeaderboardRank.h in Headers */,
			);
			runOnlyForDeploymentPostprocessing = 0;
		};
/* End PBXHeadersBuildPhase section */

/* Begin PBXNativeTarget section */
		CD3168C81D5604FF009935F3 /* HeroicLabs */ = {
			isa = PBXNativeTarget;
			buildConfigurationList = CD3168DD1D5604FF009935F3 /* Build configuration list for PBXNativeTarget "HeroicLabs" */;
			buildPhases = (
				CD3168C41D5604FF009935F3 /* Sources */,
				CD3168C51D5604FF009935F3 /* Frameworks */,
				CD3168C61D5604FF009935F3 /* Headers */,
				CD3168C71D5604FF009935F3 /* Resources */,
			);
			buildRules = (
			);
			dependencies = (
			);
			name = HeroicLabs;
			productName = "heroiclabs-sdk-ios";
			productReference = CD3168C91D5604FF009935F3 /* HeroicLabs.framework */;
			productType = "com.apple.product-type.framework";
		};
		CD3168D21D5604FF009935F3 /* HeroicLabsTests */ = {
			isa = PBXNativeTarget;
			buildConfigurationList = CD3168E01D5604FF009935F3 /* Build configuration list for PBXNativeTarget "HeroicLabsTests" */;
			buildPhases = (
				CD3168CF1D5604FF009935F3 /* Sources */,
				CD3168D01D5604FF009935F3 /* Frameworks */,
				CD3168D11D5604FF009935F3 /* Resources */,
			);
			buildRules = (
			);
			dependencies = (
				CD3168D61D5604FF009935F3 /* PBXTargetDependency */,
			);
			name = HeroicLabsTests;
			productName = "heroiclabs-sdk-iosTests";
			productReference = CD3168D31D5604FF009935F3 /* HeroicLabsTests.xctest */;
			productType = "com.apple.product-type.bundle.unit-test";
		};
/* End PBXNativeTarget section */

/* Begin PBXProject section */
		CD3168C01D5604FF009935F3 /* Project object */ = {
			isa = PBXProject;
			attributes = {
				LastUpgradeCheck = 0730;
				ORGANIZATIONNAME = HeroicLabs;
				TargetAttributes = {
					CD3168C81D5604FF009935F3 = {
						CreatedOnToolsVersion = 7.3.1;
						DevelopmentTeam = YDR437PH2E;
					};
					CD3168D21D5604FF009935F3 = {
						CreatedOnToolsVersion = 7.3.1;
					};
				};
			};
			buildConfigurationList = CD3168C31D5604FF009935F3 /* Build configuration list for PBXProject "HeroicLabs" */;
			compatibilityVersion = "Xcode 3.2";
			developmentRegion = English;
			hasScannedForEncodings = 0;
			knownRegions = (
				en,
			);
			mainGroup = CD3168BF1D5604FF009935F3;
			productRefGroup = CD3168CA1D5604FF009935F3 /* Products */;
			projectDirPath = "";
			projectRoot = "";
			targets = (
				CD3168C81D5604FF009935F3 /* HeroicLabs */,
				CD3168D21D5604FF009935F3 /* HeroicLabsTests */,
			);
		};
/* End PBXProject section */

/* Begin PBXResourcesBuildPhase section */
		CD3168C71D5604FF009935F3 /* Resources */ = {
			isa = PBXResourcesBuildPhase;
			buildActionMask = 2147483647;
			files = (
			);
			runOnlyForDeploymentPostprocessing = 0;
		};
		CD3168D11D5604FF009935F3 /* Resources */ = {
			isa = PBXResourcesBuildPhase;
			buildActionMask = 2147483647;
			files = (
				CD3169651D560F2B009935F3 /* iosunittest.js in Resources */,
				CD3169661D560F2B009935F3 /* local-config.plist in Resources */,
				CD3169641D560F2B009935F3 /* iosmailboxtest.js in Resources */,
			);
			runOnlyForDeploymentPostprocessing = 0;
		};
/* End PBXResourcesBuildPhase section */

/* Begin PBXSourcesBuildPhase section */
		CD3168C41D5604FF009935F3 /* Sources */ = {
			isa = PBXSourcesBuildPhase;
			buildActionMask = 2147483647;
			files = (
				CD3169491D5606ED009935F3 /* NSData+GZIP.m in Sources */,
				CD3169461D5606ED009935F3 /* HLSharedStorageSearchResults.m in Sources */,
				CD31694B1D5606ED009935F3 /* NSURLRequest+HLURLRequest.m in Sources */,
				CD3169391D5606ED009935F3 /* HLMessage.m in Sources */,
				CD3169311D5606ED009935F3 /* HLLeaderboardRank.m in Sources */,
				CD31693B1D5606ED009935F3 /* HLNoRequestRetryHandler.m in Sources */,
				CD31691E1D5606ED009935F3 /* HLClient.m in Sources */,
				CD3169421D5606ED009935F3 /* HLServer.m in Sources */,
				CD31692F1D5606ED009935F3 /* HLLeaderboard.m in Sources */,
				CD3169351D5606ED009935F3 /* HLMatchChange.m in Sources */,
				CD3169441D5606ED009935F3 /* HLSessionClient.m in Sources */,
				CD31692C1D5606ED009935F3 /* HLHttpClient.m in Sources */,
				CD3169201D5606ED009935F3 /* HLDatastoreObject.m in Sources */,
				CD3169371D5606ED009935F3 /* HLMatchTurn.m in Sources */,
				CD31693F1D5606ED009935F3 /* HLPurchaseVerification.m in Sources */,
				CD31691C1D5606ED009935F3 /* HLAchievement.m in Sources */,
				CD3169241D5606ED009935F3 /* HLGame.m in Sources */,
				CD3169221D5606ED009935F3 /* HLDefaultRequestRetryHandler.m in Sources */,
				CD31692A1D5606ED009935F3 /* HLgzipRequestSerializer.m in Sources */,
				CD3169331D5606ED009935F3 /* HLMatch.m in Sources */,
				CD3169261D5606ED009935F3 /* HLGameCenterCredentials.m in Sources */,
				CD3169281D5606ED009935F3 /* HLGamer.m in Sources */,
				CD31693D1D5606ED009935F3 /* HLPing.m in Sources */,
			);
			runOnlyForDeploymentPostprocessing = 0;
		};
		CD3168CF1D5604FF009935F3 /* Sources */ = {
			isa = PBXSourcesBuildPhase;
			buildActionMask = 2147483647;
			files = (
				CD3169601D560F2B009935F3 /* HLMultiplayerSampleTest.m in Sources */,
				CD3169611D560F2B009935F3 /* HLPushNotificationTest.m in Sources */,
				CD31695F1D560F2B009935F3 /* HLClientTest.m in Sources */,
				CD3169621D560F2B009935F3 /* HLSessionClientTest.m in Sources */,
			);
			runOnlyForDeploymentPostprocessing = 0;
		};
/* End PBXSourcesBuildPhase section */

/* Begin PBXTargetDependency section */
		CD3168D61D5604FF009935F3 /* PBXTargetDependency */ = {
			isa = PBXTargetDependency;
			target = CD3168C81D5604FF009935F3 /* HeroicLabs */;
			targetProxy = CD3168D51D5604FF009935F3 /* PBXContainerItemProxy */;
		};
/* End PBXTargetDependency section */

/* Begin XCBuildConfiguration section */
		CD3168DB1D5604FF009935F3 /* Debug */ = {
			isa = XCBuildConfiguration;
			buildSettings = {
				ALWAYS_SEARCH_USER_PATHS = NO;
				CLANG_ANALYZER_NONNULL = YES;
				CLANG_CXX_LANGUAGE_STANDARD = "gnu++0x";
				CLANG_CXX_LIBRARY = "libc++";
				CLANG_ENABLE_MODULES = YES;
				CLANG_ENABLE_OBJC_ARC = YES;
				CLANG_WARN_BOOL_CONVERSION = YES;
				CLANG_WARN_CONSTANT_CONVERSION = YES;
				CLANG_WARN_DIRECT_OBJC_ISA_USAGE = YES_ERROR;
				CLANG_WARN_EMPTY_BODY = YES;
				CLANG_WARN_ENUM_CONVERSION = YES;
				CLANG_WARN_INT_CONVERSION = YES;
				CLANG_WARN_OBJC_ROOT_CLASS = YES_ERROR;
				CLANG_WARN_UNREACHABLE_CODE = YES;
				CLANG_WARN__DUPLICATE_METHOD_MATCH = YES;
				"CODE_SIGN_IDENTITY[sdk=iphoneos*]" = "iPhone Developer";
				COPY_PHASE_STRIP = NO;
				CURRENT_PROJECT_VERSION = 1;
				DEBUG_INFORMATION_FORMAT = dwarf;
				ENABLE_STRICT_OBJC_MSGSEND = YES;
				ENABLE_TESTABILITY = YES;
				GCC_C_LANGUAGE_STANDARD = gnu99;
				GCC_DYNAMIC_NO_PIC = NO;
				GCC_NO_COMMON_BLOCKS = YES;
				GCC_OPTIMIZATION_LEVEL = 0;
				GCC_PREPROCESSOR_DEFINITIONS = (
					"DEBUG=1",
					"$(inherited)",
				);
				GCC_WARN_64_TO_32_BIT_CONVERSION = YES;
				GCC_WARN_ABOUT_RETURN_TYPE = YES_ERROR;
				GCC_WARN_UNDECLARED_SELECTOR = YES;
				GCC_WARN_UNINITIALIZED_AUTOS = YES_AGGRESSIVE;
				GCC_WARN_UNUSED_FUNCTION = YES;
				GCC_WARN_UNUSED_VARIABLE = YES;
				IPHONEOS_DEPLOYMENT_TARGET = 8.0;
				MTL_ENABLE_DEBUG_INFO = YES;
				ONLY_ACTIVE_ARCH = YES;
				SDKROOT = iphoneos;
				STRIP_STYLE = "non-global";
				TARGETED_DEVICE_FAMILY = "1,2";
				TVOS_DEPLOYMENT_TARGET = 9.0;
				VERSIONING_SYSTEM = "apple-generic";
				VERSION_INFO_PREFIX = "";
			};
			name = Debug;
		};
		CD3168DC1D5604FF009935F3 /* Release */ = {
			isa = XCBuildConfiguration;
			buildSettings = {
				ALWAYS_SEARCH_USER_PATHS = NO;
				CLANG_ANALYZER_NONNULL = YES;
				CLANG_CXX_LANGUAGE_STANDARD = "gnu++0x";
				CLANG_CXX_LIBRARY = "libc++";
				CLANG_ENABLE_MODULES = YES;
				CLANG_ENABLE_OBJC_ARC = YES;
				CLANG_WARN_BOOL_CONVERSION = YES;
				CLANG_WARN_CONSTANT_CONVERSION = YES;
				CLANG_WARN_DIRECT_OBJC_ISA_USAGE = YES_ERROR;
				CLANG_WARN_EMPTY_BODY = YES;
				CLANG_WARN_ENUM_CONVERSION = YES;
				CLANG_WARN_INT_CONVERSION = YES;
				CLANG_WARN_OBJC_ROOT_CLASS = YES_ERROR;
				CLANG_WARN_UNREACHABLE_CODE = YES;
				CLANG_WARN__DUPLICATE_METHOD_MATCH = YES;
				"CODE_SIGN_IDENTITY[sdk=iphoneos*]" = "iPhone Developer";
				COPY_PHASE_STRIP = NO;
				CURRENT_PROJECT_VERSION = 1;
				DEBUG_INFORMATION_FORMAT = "dwarf-with-dsym";
				ENABLE_NS_ASSERTIONS = NO;
				ENABLE_STRICT_OBJC_MSGSEND = YES;
				GCC_C_LANGUAGE_STANDARD = gnu99;
				GCC_NO_COMMON_BLOCKS = YES;
				GCC_WARN_64_TO_32_BIT_CONVERSION = YES;
				GCC_WARN_ABOUT_RETURN_TYPE = YES_ERROR;
				GCC_WARN_UNDECLARED_SELECTOR = YES;
				GCC_WARN_UNINITIALIZED_AUTOS = YES_AGGRESSIVE;
				GCC_WARN_UNUSED_FUNCTION = YES;
				GCC_WARN_UNUSED_VARIABLE = YES;
				IPHONEOS_DEPLOYMENT_TARGET = 8.0;
				MTL_ENABLE_DEBUG_INFO = NO;
				SDKROOT = iphoneos;
				STRIP_STYLE = "non-global";
				TARGETED_DEVICE_FAMILY = "1,2";
				TVOS_DEPLOYMENT_TARGET = 9.0;
				VALIDATE_PRODUCT = YES;
				VERSIONING_SYSTEM = "apple-generic";
				VERSION_INFO_PREFIX = "";
			};
			name = Release;
		};
		CD3168DE1D5604FF009935F3 /* Debug */ = {
			isa = XCBuildConfiguration;
			buildSettings = {
				CODE_SIGN_IDENTITY = "iPhone Developer";
				"CODE_SIGN_IDENTITY[sdk=iphoneos*]" = "iPhone Developer";
				DEFINES_MODULE = NO;
				DYLIB_COMPATIBILITY_VERSION = 1;
				DYLIB_CURRENT_VERSION = 1;
				DYLIB_INSTALL_NAME_BASE = "@rpath";
				FRAMEWORK_SEARCH_PATHS = (
					"$(inherited)",
					"$(PROJECT_DIR)/Carthage/Build/iOS",
				);
				INFOPLIST_FILE = "$(SRCROOT)/Classes/Info.plist";
				INSTALL_PATH = "@executable_path/../Frameworks";
				LD_RUNPATH_SEARCH_PATHS = "$(inherited) @executable_path/Frameworks @loader_path/Frameworks";
				PRODUCT_BUNDLE_IDENTIFIER = "com.heroiclabs.heroiclabs-sdk-ios";
				PRODUCT_NAME = "$(TARGET_NAME)";
				PROVISIONING_PROFILE = "";
				SKIP_INSTALL = YES;
			};
			name = Debug;
		};
		CD3168DF1D5604FF009935F3 /* Release */ = {
			isa = XCBuildConfiguration;
			buildSettings = {
				CODE_SIGN_IDENTITY = "iPhone Developer";
				"CODE_SIGN_IDENTITY[sdk=iphoneos*]" = "iPhone Developer";
				DEFINES_MODULE = NO;
				DYLIB_COMPATIBILITY_VERSION = 1;
				DYLIB_CURRENT_VERSION = 1;
				DYLIB_INSTALL_NAME_BASE = "@rpath";
				FRAMEWORK_SEARCH_PATHS = (
					"$(inherited)",
					"$(PROJECT_DIR)/Carthage/Build/iOS",
				);
				INFOPLIST_FILE = "$(SRCROOT)/Classes/Info.plist";
				INSTALL_PATH = "@executable_path/../Frameworks";
				LD_RUNPATH_SEARCH_PATHS = "$(inherited) @executable_path/Frameworks @loader_path/Frameworks";
				PRODUCT_BUNDLE_IDENTIFIER = "com.heroiclabs.heroiclabs-sdk-ios";
				PRODUCT_NAME = "$(TARGET_NAME)";
				PROVISIONING_PROFILE = "";
				SKIP_INSTALL = YES;
			};
			name = Release;
		};
		CD3168E11D5604FF009935F3 /* Debug */ = {
			isa = XCBuildConfiguration;
			buildSettings = {
				FRAMEWORK_SEARCH_PATHS = (
					"$(inherited)",
					"$(PROJECT_DIR)/Carthage/Build/iOS",
				);
				INFOPLIST_FILE = Tests/Info.plist;
				LD_RUNPATH_SEARCH_PATHS = "$(inherited) @executable_path/Frameworks @loader_path/Frameworks $(FRAMEWORK_SEARCH_PATHS)";
				PRODUCT_BUNDLE_IDENTIFIER = "com.heroiclabs.heroiclabs-sdk-tests";
				PRODUCT_NAME = "$(TARGET_NAME)";
			};
			name = Debug;
		};
		CD3168E21D5604FF009935F3 /* Release */ = {
			isa = XCBuildConfiguration;
			buildSettings = {
				FRAMEWORK_SEARCH_PATHS = (
					"$(inherited)",
					"$(PROJECT_DIR)/Carthage/Build/iOS",
				);
				INFOPLIST_FILE = Tests/Info.plist;
				LD_RUNPATH_SEARCH_PATHS = "$(inherited) @executable_path/Frameworks @loader_path/Frameworks $(FRAMEWORK_SEARCH_PATHS)";
				PRODUCT_BUNDLE_IDENTIFIER = "com.heroiclabs.heroiclabs-sdk-tests";
				PRODUCT_NAME = "$(TARGET_NAME)";
			};
			name = Release;
		};
/* End XCBuildConfiguration section */

/* Begin XCConfigurationList section */
		CD3168C31D5604FF009935F3 /* Build configuration list for PBXProject "HeroicLabs" */ = {
			isa = XCConfigurationList;
			buildConfigurations = (
				CD3168DB1D5604FF009935F3 /* Debug */,
				CD3168DC1D5604FF009935F3 /* Release */,
			);
			defaultConfigurationIsVisible = 0;
			defaultConfigurationName = Release;
		};
		CD3168DD1D5604FF009935F3 /* Build configuration list for PBXNativeTarget "HeroicLabs" */ = {
			isa = XCConfigurationList;
			buildConfigurations = (
				CD3168DE1D5604FF009935F3 /* Debug */,
				CD3168DF1D5604FF009935F3 /* Release */,
			);
			defaultConfigurationIsVisible = 0;
			defaultConfigurationName = Release;
		};
		CD3168E01D5604FF009935F3 /* Build configuration list for PBXNativeTarget "HeroicLabsTests" */ = {
			isa = XCConfigurationList;
			buildConfigurations = (
				CD3168E11D5604FF009935F3 /* Debug */,
				CD3168E21D5604FF009935F3 /* Release */,
			);
			defaultConfigurationIsVisible = 0;
			defaultConfigurationName = Release;
		};
/* End XCConfigurationList section */
	};
	rootObject = CD3168C01D5604FF009935F3 /* Project object */;
}
